
Microsoft Visual Studio Solution File, Format Version 12.00
# Visual Studio Version 17
VisualStudioVersion = 17.13.35931.197 d17.13
MinimumVisualStudioVersion = 10.0.40219.1
Project("{FAE04EC0-301F-11D3-BF4B-00C04F79EFBC}") = "MethodsAndObjectsAssignment", "MethodsAndObjectsAssignment\MethodsAndObjectsAssignment.csproj", "{E226533C-C2C2-49BC-B898-7DDD6D9C7D3D}"
EndProject
Global
	GlobalSection(SolutionConfigurationPlatforms) = preSolution
		Debug|Any CPU = Debug|Any CPU
		Release|Any CPU = Release|Any CPU
	EndGlobalSection
	GlobalSection(ProjectConfigurationPlatforms) = postSolution
		{E226533C-C2C2-49BC-B898-7DDD6D9C7D3D}.Debug|Any CPU.ActiveCfg = Debug|Any CPU
		{E226533C-C2C2-49BC-B898-7DDD6D9C7D3D}.Debug|Any CPU.Build.0 = Debug|Any CPU
		{E226533C-C2C2-49BC-B898-7DDD6D9C7D3D}.Release|Any CPU.ActiveCfg = Release|Any CPU
		{E226533C-C2C2-49BC-B898-7DDD6D9C7D3D}.Release|Any CPU.Build.0 = Release|Any CPU
	EndGlobalSection
	GlobalSection(SolutionProperties) = preSolution
		HideSolutionNode = FALSE
	EndGlobalSection
	GlobalSection(ExtensibilityGlobals) = postSolution
		SolutionGuid = {7D372A74-F783-4325-A280-E7C72BFF673D}
	EndGlobalSection
EndGlobal
