
Microsoft Visual Studio Solution File, Format Version 12.00
# Visual Studio Version 17
VisualStudioVersion = 17.13.35931.197 d17.13
MinimumVisualStudioVersion = 10.0.40219.1
Project("{FAE04EC0-301F-11D3-BF4B-00C04F79EFBC}") = "StructAssignment", "StructAssignment\StructAssignment.csproj", "{5A1DC4EF-F658-411D-8B7D-C3C5E900845D}"
EndProject
Global
	GlobalSection(SolutionConfigurationPlatforms) = preSolution
		Debug|Any CPU = Debug|Any CPU
		Release|Any CPU = Release|Any CPU
	EndGlobalSection
	GlobalSection(ProjectConfigurationPlatforms) = postSolution
		{5A1DC4EF-F658-411D-8B7D-C3C5E900845D}.Debug|Any CPU.ActiveCfg = Debug|Any CPU
		{5A1DC4EF-F658-411D-8B7D-C3C5E900845D}.Debug|Any CPU.Build.0 = Debug|Any CPU
		{5A1DC4EF-F658-411D-8B7D-C3C5E900845D}.Release|Any CPU.ActiveCfg = Release|Any CPU
		{5A1DC4EF-F658-411D-8B7D-C3C5E900845D}.Release|Any CPU.Build.0 = Release|Any CPU
	EndGlobalSection
	GlobalSection(SolutionProperties) = preSolution
		HideSolutionNode = FALSE
	EndGlobalSection
	GlobalSection(ExtensibilityGlobals) = postSolution
		SolutionGuid = {7BBE6056-4AD0-4217-B705-42B41525DA6D}
	EndGlobalSection
EndGlobal
